
Microsoft Visual Studio Solution File, Format Version 12.00
# Visual Studio Version 17
VisualStudioVersion = 17.3.32922.545
MinimumVisualStudioVersion = 10.0.40219.1
Project("{FAE04EC0-301F-11D3-BF4B-00C04F79EFBC}") = "CQRS", "CQRS\CQRS.csproj", "{5AED4FE8-A9BA-4CBD-AFE7-1A2D30F741E5}"
EndProject
Global
	GlobalSection(SolutionConfigurationPlatforms) = preSolution
		Debug|Any CPU = Debug|Any CPU
		Release|Any CPU = Release|Any CPU
	EndGlobalSection
	GlobalSection(ProjectConfigurationPlatforms) = postSolution
		{5AED4FE8-A9BA-4CBD-AFE7-1A2D30F741E5}.Debug|Any CPU.ActiveCfg = Debug|Any CPU
		{5AED4FE8-A9BA-4CBD-AFE7-1A2D30F741E5}.Debug|Any CPU.Build.0 = Debug|Any CPU
		{5AED4FE8-A9BA-4CBD-AFE7-1A2D30F741E5}.Release|Any CPU.ActiveCfg = Release|Any CPU
		{5AED4FE8-A9BA-4CBD-AFE7-1A2D30F741E5}.Release|Any CPU.Build.0 = Release|Any CPU
	EndGlobalSection
	GlobalSection(SolutionProperties) = preSolution
		HideSolutionNode = FALSE
	EndGlobalSection
	GlobalSection(ExtensibilityGlobals) = postSolution
		SolutionGuid = {4CB3EEB8-8B51-4D10-930C-B72D1AAAADD2}
	EndGlobalSection
EndGlobal
